
Microsoft Visual Studio Solution File, Format Version 12.00
# Visual Studio Version 16
VisualStudioVersion = 16.0.30717.126
MinimumVisualStudioVersion = 10.0.40219.1
Project("{FAE04EC0-301F-11D3-BF4B-00C04F79EFBC}") = "NumerosRomanosCSharp", "NumerosRomanosCSharp.csproj", "{C3B2CE76-434B-4AAB-851E-B5B069FC4056}"
EndProject
Project("{FAE04EC0-301F-11D3-BF4B-00C04F79EFBC}") = "TestCases", "TestCases\TestCases.csproj", "{6A0FA70B-4E5E-4C0A-8A3C-F698A6400522}"
EndProject
Global
	GlobalSection(SolutionConfigurationPlatforms) = preSolution
		Debug|Any CPU = Debug|Any CPU
		Release|Any CPU = Release|Any CPU
	EndGlobalSection
	GlobalSection(ProjectConfigurationPlatforms) = postSolution
		{C3B2CE76-434B-4AAB-851E-B5B069FC4056}.Debug|Any CPU.ActiveCfg = Debug|Any CPU
		{C3B2CE76-434B-4AAB-851E-B5B069FC4056}.Debug|Any CPU.Build.0 = Debug|Any CPU
		{C3B2CE76-434B-4AAB-851E-B5B069FC4056}.Release|Any CPU.ActiveCfg = Release|Any CPU
		{C3B2CE76-434B-4AAB-851E-B5B069FC4056}.Release|Any CPU.Build.0 = Release|Any CPU
		{6A0FA70B-4E5E-4C0A-8A3C-F698A6400522}.Debug|Any CPU.ActiveCfg = Debug|Any CPU
		{6A0FA70B-4E5E-4C0A-8A3C-F698A6400522}.Debug|Any CPU.Build.0 = Debug|Any CPU
		{6A0FA70B-4E5E-4C0A-8A3C-F698A6400522}.Release|Any CPU.ActiveCfg = Release|Any CPU
		{6A0FA70B-4E5E-4C0A-8A3C-F698A6400522}.Release|Any CPU.Build.0 = Release|Any CPU
	EndGlobalSection
	GlobalSection(SolutionProperties) = preSolution
		HideSolutionNode = FALSE
	EndGlobalSection
	GlobalSection(ExtensibilityGlobals) = postSolution
		SolutionGuid = {D65B8803-CBAE-4FA1-B2D8-4695C24C1BBC}
	EndGlobalSection
EndGlobal
